// !$*UTF8*$!
{
	archiveVersion = 1;
	classes = {
	};
	objectVersion = 48;
	objects = {

/* Begin PBXBuildFile section */
		5B0889541FF00F750039C9F4 /* Meal.swift in Sources */ = {isa = PBXBuildFile; fileRef = 5B0889531FF00F750039C9F4 /* Meal.swift */; };
		5B0889561FF00FEB0039C9F4 /* Item.swift in Sources */ = {isa = PBXBuildFile; fileRef = 5B0889551FF00FEB0039C9F4 /* Item.swift */; };
		5B0889581FF011270039C9F4 /* ViewController.swift in Sources */ = {isa = PBXBuildFile; fileRef = 5B0889571FF011270039C9F4 /* ViewController.swift */; };
		5B08895A1FF0125D0039C9F4 /* Main.storyboard in Resources */ = {isa = PBXBuildFile; fileRef = 5B0889591FF0125D0039C9F4 /* Main.storyboard */; };
		5B0889D01FF03DD50039C9F4 /* MealsTableViewController.swift in Sources */ = {isa = PBXBuildFile; fileRef = 5B0889CF1FF03DD50039C9F4 /* MealsTableViewController.swift */; };
		5B52F90E1FF98E21009CAB2D /* NewItemViewController.xib in Resources */ = {isa = PBXBuildFile; fileRef = 5B52F90C1FF98E21009CAB2D /* NewItemViewController.xib */; };
		5B52F9101FF98E99009CAB2D /* NewItemViewController.swift in Sources */ = {isa = PBXBuildFile; fileRef = 5B52F90F1FF98E98009CAB2D /* NewItemViewController.swift */; };
		5B52F9121FF99977009CAB2D /* AddAnItemDelegate.swift in Sources */ = {isa = PBXBuildFile; fileRef = 5B52F9111FF99977009CAB2D /* AddAnItemDelegate.swift */; };
		5BA0FDE51FF71489004911DD /* AddAMealDelegate.swift in Sources */ = {isa = PBXBuildFile; fileRef = 5BA0FDE41FF71488004911DD /* AddAMealDelegate.swift */; };
		5BDB04821FE74BDF00510A13 /* AppDelegate.swift in Sources */ = {isa = PBXBuildFile; fileRef = 5BDB04811FE74BDF00510A13 /* AppDelegate.swift */; };
		5BDB04891FE74BDF00510A13 /* Assets.xcassets in Resources */ = {isa = PBXBuildFile; fileRef = 5BDB04881FE74BDF00510A13 /* Assets.xcassets */; };
		5BDB048C1FE74BDF00510A13 /* LaunchScreen.storyboard in Resources */ = {isa = PBXBuildFile; fileRef = 5BDB048A1FE74BDF00510A13 /* LaunchScreen.storyboard */; };
		5BDB04971FE74BDF00510A13 /* eggplant_brownieTests.swift in Sources */ = {isa = PBXBuildFile; fileRef = 5BDB04961FE74BDF00510A13 /* eggplant_brownieTests.swift */; };
		5BDB04A21FE74BDF00510A13 /* eggplant_brownieUITests.swift in Sources */ = {isa = PBXBuildFile; fileRef = 5BDB04A11FE74BDF00510A13 /* eggplant_brownieUITests.swift */; };
/* End PBXBuildFile section */

/* Begin PBXContainerItemProxy section */
		5BDB04931FE74BDF00510A13 /* PBXContainerItemProxy */ = {
			isa = PBXContainerItemProxy;
			containerPortal = 5BDB04761FE74BDF00510A13 /* Project object */;
			proxyType = 1;
			remoteGlobalIDString = 5BDB047D1FE74BDF00510A13;
			remoteInfo = "eggplant-brownie";
		};
		5BDB049E1FE74BDF00510A13 /* PBXContainerItemProxy */ = {
			isa = PBXContainerItemProxy;
			containerPortal = 5BDB04761FE74BDF00510A13 /* Project object */;
			proxyType = 1;
			remoteGlobalIDString = 5BDB047D1FE74BDF00510A13;
			remoteInfo = "eggplant-brownie";
		};
/* End PBXContainerItemProxy section */

/* Begin PBXFileReference section */
		5B0889531FF00F750039C9F4 /* Meal.swift */ = {isa = PBXFileReference; lastKnownFileType = sourcecode.swift; path = Meal.swift; sourceTree = "<group>"; };
		5B0889551FF00FEB0039C9F4 /* Item.swift */ = {isa = PBXFileReference; lastKnownFileType = sourcecode.swift; path = Item.swift; sourceTree = "<group>"; };
		5B0889571FF011270039C9F4 /* ViewController.swift */ = {isa = PBXFileReference; fileEncoding = 4; lastKnownFileType = sourcecode.swift; path = ViewController.swift; sourceTree = "<group>"; };
		5B0889591FF0125D0039C9F4 /* Main.storyboard */ = {isa = PBXFileReference; fileEncoding = 4; lastKnownFileType = file.storyboard; path = Main.storyboard; sourceTree = "<group>"; };
		5B0889CF1FF03DD50039C9F4 /* MealsTableViewController.swift */ = {isa = PBXFileReference; lastKnownFileType = sourcecode.swift; path = MealsTableViewController.swift; sourceTree = "<group>"; };
		5B52F90C1FF98E21009CAB2D /* NewItemViewController.xib */ = {isa = PBXFileReference; lastKnownFileType = file.xib; path = NewItemViewController.xib; sourceTree = "<group>"; };
		5B52F90F1FF98E98009CAB2D /* NewItemViewController.swift */ = {isa = PBXFileReference; fileEncoding = 4; lastKnownFileType = sourcecode.swift; path = NewItemViewController.swift; sourceTree = "<group>"; };
		5B52F9111FF99977009CAB2D /* AddAnItemDelegate.swift */ = {isa = PBXFileReference; lastKnownFileType = sourcecode.swift; path = AddAnItemDelegate.swift; sourceTree = "<group>"; };
		5BA0FDE41FF71488004911DD /* AddAMealDelegate.swift */ = {isa = PBXFileReference; fileEncoding = 4; lastKnownFileType = sourcecode.swift; path = AddAMealDelegate.swift; sourceTree = "<group>"; };
		5BDB047E1FE74BDF00510A13 /* eggplant-brownie.app */ = {isa = PBXFileReference; explicitFileType = wrapper.application; includeInIndex = 0; path = "eggplant-brownie.app"; sourceTree = BUILT_PRODUCTS_DIR; };
		5BDB04811FE74BDF00510A13 /* AppDelegate.swift */ = {isa = PBXFileReference; lastKnownFileType = sourcecode.swift; path = AppDelegate.swift; sourceTree = "<group>"; };
		5BDB04881FE74BDF00510A13 /* Assets.xcassets */ = {isa = PBXFileReference; lastKnownFileType = folder.assetcatalog; path = Assets.xcassets; sourceTree = "<group>"; };
		5BDB048B1FE74BDF00510A13 /* Base */ = {isa = PBXFileReference; lastKnownFileType = file.storyboard; name = Base; path = Base.lproj/LaunchScreen.storyboard; sourceTree = "<group>"; };
		5BDB048D1FE74BDF00510A13 /* Info.plist */ = {isa = PBXFileReference; lastKnownFileType = text.plist.xml; path = Info.plist; sourceTree = "<group>"; };
		5BDB04921FE74BDF00510A13 /* eggplant-brownieTests.xctest */ = {isa = PBXFileReference; explicitFileType = wrapper.cfbundle; includeInIndex = 0; path = "eggplant-brownieTests.xctest"; sourceTree = BUILT_PRODUCTS_DIR; };
		5BDB04961FE74BDF00510A13 /* eggplant_brownieTests.swift */ = {isa = PBXFileReference; lastKnownFileType = sourcecode.swift; path = eggplant_brownieTests.swift; sourceTree = "<group>"; };
		5BDB04981FE74BDF00510A13 /* Info.plist */ = {isa = PBXFileReference; lastKnownFileType = text.plist.xml; path = Info.plist; sourceTree = "<group>"; };
		5BDB049D1FE74BDF00510A13 /* eggplant-brownieUITests.xctest */ = {isa = PBXFileReference; explicitFileType = wrapper.cfbundle; includeInIndex = 0; path = "eggplant-brownieUITests.xctest"; sourceTree = BUILT_PRODUCTS_DIR; };
		5BDB04A11FE74BDF00510A13 /* eggplant_brownieUITests.swift */ = {isa = PBXFileReference; lastKnownFileType = sourcecode.swift; path = eggplant_brownieUITests.swift; sourceTree = "<group>"; };
		5BDB04A31FE74BDF00510A13 /* Info.plist */ = {isa = PBXFileReference; lastKnownFileType = text.plist.xml; path = Info.plist; sourceTree = "<group>"; };
/* End PBXFileReference section */

/* Begin PBXFrameworksBuildPhase section */
		5BDB047B1FE74BDF00510A13 /* Frameworks */ = {
			isa = PBXFrameworksBuildPhase;
			buildActionMask = 2147483647;
			files = (
			);
			runOnlyForDeploymentPostprocessing = 0;
		};
		5BDB048F1FE74BDF00510A13 /* Frameworks */ = {
			isa = PBXFrameworksBuildPhase;
			buildActionMask = 2147483647;
			files = (
			);
			runOnlyForDeploymentPostprocessing = 0;
		};
		5BDB049A1FE74BDF00510A13 /* Frameworks */ = {
			isa = PBXFrameworksBuildPhase;
			buildActionMask = 2147483647;
			files = (
			);
			runOnlyForDeploymentPostprocessing = 0;
		};
/* End PBXFrameworksBuildPhase section */

/* Begin PBXGroup section */
		5B0889501FF00F550039C9F4 /* models */ = {
			isa = PBXGroup;
			children = (
				5B0889531FF00F750039C9F4 /* Meal.swift */,
				5BA0FDE41FF71488004911DD /* AddAMealDelegate.swift */,
				5B0889551FF00FEB0039C9F4 /* Item.swift */,
				5B52F9111FF99977009CAB2D /* AddAnItemDelegate.swift */,
			);
			path = models;
			sourceTree = "<group>";
		};
		5B0889511FF00F550039C9F4 /* views */ = {
			isa = PBXGroup;
			children = (
				5B0889591FF0125D0039C9F4 /* Main.storyboard */,
				5B52F90C1FF98E21009CAB2D /* NewItemViewController.xib */,
			);
			path = views;
			sourceTree = "<group>";
		};
		5B0889521FF00F550039C9F4 /* viewcontrollers */ = {
			isa = PBXGroup;
			children = (
				5B0889571FF011270039C9F4 /* ViewController.swift */,
				5B52F90F1FF98E98009CAB2D /* NewItemViewController.swift */,
				5B0889CF1FF03DD50039C9F4 /* MealsTableViewController.swift */,
			);
			path = viewcontrollers;
			sourceTree = "<group>";
		};
		5BDB04751FE74BDF00510A13 = {
			isa = PBXGroup;
			children = (
				5BDB04801FE74BDF00510A13 /* eggplant-brownie */,
				5BDB04951FE74BDF00510A13 /* eggplant-brownieTests */,
				5BDB04A01FE74BDF00510A13 /* eggplant-brownieUITests */,
				5BDB047F1FE74BDF00510A13 /* Products */,
			);
			sourceTree = "<group>";
		};
		5BDB047F1FE74BDF00510A13 /* Products */ = {
			isa = PBXGroup;
			children = (
				5BDB047E1FE74BDF00510A13 /* eggplant-brownie.app */,
				5BDB04921FE74BDF00510A13 /* eggplant-brownieTests.xctest */,
				5BDB049D1FE74BDF00510A13 /* eggplant-brownieUITests.xctest */,
			);
			name = Products;
			sourceTree = "<group>";
		};
		5BDB04801FE74BDF00510A13 /* eggplant-brownie */ = {
			isa = PBXGroup;
			children = (
				5B0889501FF00F550039C9F4 /* models */,
				5B0889521FF00F550039C9F4 /* viewcontrollers */,
				5B0889511FF00F550039C9F4 /* views */,
				5BDB04811FE74BDF00510A13 /* AppDelegate.swift */,
				5BDB04881FE74BDF00510A13 /* Assets.xcassets */,
				5BDB048A1FE74BDF00510A13 /* LaunchScreen.storyboard */,
				5BDB048D1FE74BDF00510A13 /* Info.plist */,
			);
			path = "eggplant-brownie";
			sourceTree = "<group>";
		};
		5BDB04951FE74BDF00510A13 /* eggplant-brownieTests */ = {
			isa = PBXGroup;
			children = (
				5BDB04961FE74BDF00510A13 /* eggplant_brownieTests.swift */,
				5BDB04981FE74BDF00510A13 /* Info.plist */,
			);
			path = "eggplant-brownieTests";
			sourceTree = "<group>";
		};
		5BDB04A01FE74BDF00510A13 /* eggplant-brownieUITests */ = {
			isa = PBXGroup;
			children = (
				5BDB04A11FE74BDF00510A13 /* eggplant_brownieUITests.swift */,
				5BDB04A31FE74BDF00510A13 /* Info.plist */,
			);
			path = "eggplant-brownieUITests";
			sourceTree = "<group>";
		};
/* End PBXGroup section */

/* Begin PBXNativeTarget section */
		5BDB047D1FE74BDF00510A13 /* eggplant-brownie */ = {
			isa = PBXNativeTarget;
			buildConfigurationList = 5BDB04A61FE74BDF00510A13 /* Build configuration list for PBXNativeTarget "eggplant-brownie" */;
			buildPhases = (
				5BDB047A1FE74BDF00510A13 /* Sources */,
				5BDB047B1FE74BDF00510A13 /* Frameworks */,
				5BDB047C1FE74BDF00510A13 /* Resources */,
			);
			buildRules = (
			);
			dependencies = (
			);
			name = "eggplant-brownie";
			productName = "eggplant-brownie";
			productReference = 5BDB047E1FE74BDF00510A13 /* eggplant-brownie.app */;
			productType = "com.apple.product-type.application";
		};
		5BDB04911FE74BDF00510A13 /* eggplant-brownieTests */ = {
			isa = PBXNativeTarget;
			buildConfigurationList = 5BDB04A91FE74BDF00510A13 /* Build configuration list for PBXNativeTarget "eggplant-brownieTests" */;
			buildPhases = (
				5BDB048E1FE74BDF00510A13 /* Sources */,
				5BDB048F1FE74BDF00510A13 /* Frameworks */,
				5BDB04901FE74BDF00510A13 /* Resources */,
			);
			buildRules = (
			);
			dependencies = (
				5BDB04941FE74BDF00510A13 /* PBXTargetDependency */,
			);
			name = "eggplant-brownieTests";
			productName = "eggplant-brownieTests";
			productReference = 5BDB04921FE74BDF00510A13 /* eggplant-brownieTests.xctest */;
			productType = "com.apple.product-type.bundle.unit-test";
		};
		5BDB049C1FE74BDF00510A13 /* eggplant-brownieUITests */ = {
			isa = PBXNativeTarget;
			buildConfigurationList = 5BDB04AC1FE74BDF00510A13 /* Build configuration list for PBXNativeTarget "eggplant-brownieUITests" */;
			buildPhases = (
				5BDB04991FE74BDF00510A13 /* Sources */,
				5BDB049A1FE74BDF00510A13 /* Frameworks */,
				5BDB049B1FE74BDF00510A13 /* Resources */,
			);
			buildRules = (
			);
			dependencies = (
				5BDB049F1FE74BDF00510A13 /* PBXTargetDependency */,
			);
			name = "eggplant-brownieUITests";
			productName = "eggplant-brownieUITests";
			productReference = 5BDB049D1FE74BDF00510A13 /* eggplant-brownieUITests.xctest */;
			productType = "com.apple.product-type.bundle.ui-testing";
		};
/* End PBXNativeTarget section */

/* Begin PBXProject section */
		5BDB04761FE74BDF00510A13 /* Project object */ = {
			isa = PBXProject;
			attributes = {
				LastSwiftUpdateCheck = 0910;
				LastUpgradeCheck = 0910;
				ORGANIZATIONNAME = "Eric de Olivera Rodrigues";
				TargetAttributes = {
					5BDB047D1FE74BDF00510A13 = {
						CreatedOnToolsVersion = 9.1;
						ProvisioningStyle = Automatic;
					};
					5BDB04911FE74BDF00510A13 = {
						CreatedOnToolsVersion = 9.1;
						ProvisioningStyle = Automatic;
						TestTargetID = 5BDB047D1FE74BDF00510A13;
					};
					5BDB049C1FE74BDF00510A13 = {
						CreatedOnToolsVersion = 9.1;
						ProvisioningStyle = Automatic;
						TestTargetID = 5BDB047D1FE74BDF00510A13;
					};
				};
			};
			buildConfigurationList = 5BDB04791FE74BDF00510A13 /* Build configuration list for PBXProject "eggplant-brownie" */;
			compatibilityVersion = "Xcode 8.0";
			developmentRegion = en;
			hasScannedForEncodings = 0;
			knownRegions = (
				en,
				Base,
			);
			mainGroup = 5BDB04751FE74BDF00510A13;
			productRefGroup = 5BDB047F1FE74BDF00510A13 /* Products */;
			projectDirPath = "";
			projectRoot = "";
			targets = (
				5BDB047D1FE74BDF00510A13 /* eggplant-brownie */,
				5BDB04911FE74BDF00510A13 /* eggplant-brownieTests */,
				5BDB049C1FE74BDF00510A13 /* eggplant-brownieUITests */,
			);
		};
/* End PBXProject section */

/* Begin PBXResourcesBuildPhase section */
		5BDB047C1FE74BDF00510A13 /* Resources */ = {
			isa = PBXResourcesBuildPhase;
			buildActionMask = 2147483647;
			files = (
				5B08895A1FF0125D0039C9F4 /* Main.storyboard in Resources */,
				5BDB048C1FE74BDF00510A13 /* LaunchScreen.storyboard in Resources */,
				5B52F90E1FF98E21009CAB2D /* NewItemViewController.xib in Resources */,
				5BDB04891FE74BDF00510A13 /* Assets.xcassets in Resources */,
			);
			runOnlyForDeploymentPostprocessing = 0;
		};
		5BDB04901FE74BDF00510A13 /* Resources */ = {
			isa = PBXResourcesBuildPhase;
			buildActionMask = 2147483647;
			files = (
			);
			runOnlyForDeploymentPostprocessing = 0;
		};
		5BDB049B1FE74BDF00510A13 /* Resources */ = {
			isa = PBXResourcesBuildPhase;
			buildActionMask = 2147483647;
			files = (
			);
			runOnlyForDeploymentPostprocessing = 0;
		};
/* End PBXResourcesBuildPhase section */

/* Begin PBXSourcesBuildPhase section */
		5BDB047A1FE74BDF00510A13 /* Sources */ = {
			isa = PBXSourcesBuildPhase;
			buildActionMask = 2147483647;
			files = (
				5B0889D01FF03DD50039C9F4 /* MealsTableViewController.swift in Sources */,
				5B0889561FF00FEB0039C9F4 /* Item.swift in Sources */,
				5B0889541FF00F750039C9F4 /* Meal.swift in Sources */,
				5BA0FDE51FF71489004911DD /* AddAMealDelegate.swift in Sources */,
				5B52F9121FF99977009CAB2D /* AddAnItemDelegate.swift in Sources */,
				5B0889581FF011270039C9F4 /* ViewController.swift in Sources */,
				5BDB04821FE74BDF00510A13 /* AppDelegate.swift in Sources */,
				5B52F9101FF98E99009CAB2D /* NewItemViewController.swift in Sources */,
			);
			runOnlyForDeploymentPostprocessing = 0;
		};
		5BDB048E1FE74BDF00510A13 /* Sources */ = {
			isa = PBXSourcesBuildPhase;
			buildActionMask = 2147483647;
			files = (
				5BDB04971FE74BDF00510A13 /* eggplant_brownieTests.swift in Sources */,
			);
			runOnlyForDeploymentPostprocessing = 0;
		};
		5BDB04991FE74BDF00510A13 /* Sources */ = {
			isa = PBXSourcesBuildPhase;
			buildActionMask = 2147483647;
			files = (
				5BDB04A21FE74BDF00510A13 /* eggplant_brownieUITests.swift in Sources */,
			);
			runOnlyForDeploymentPostprocessing = 0;
		};
/* End PBXSourcesBuildPhase section */

/* Begin PBXTargetDependency section */
		5BDB04941FE74BDF00510A13 /* PBXTargetDependency */ = {
			isa = PBXTargetDependency;
			target = 5BDB047D1FE74BDF00510A13 /* eggplant-brownie */;
			targetProxy = 5BDB04931FE74BDF00510A13 /* PBXContainerItemProxy */;
		};
		5BDB049F1FE74BDF00510A13 /* PBXTargetDependency */ = {
			isa = PBXTargetDependency;
			target = 5BDB047D1FE74BDF00510A13 /* eggplant-brownie */;
			targetProxy = 5BDB049E1FE74BDF00510A13 /* PBXContainerItemProxy */;
		};
/* End PBXTargetDependency section */

/* Begin PBXVariantGroup section */
		5BDB048A1FE74BDF00510A13 /* LaunchScreen.storyboard */ = {
			isa = PBXVariantGroup;
			children = (
				5BDB048B1FE74BDF00510A13 /* Base */,
			);
			name = LaunchScreen.storyboard;
			sourceTree = "<group>";
		};
/* End PBXVariantGroup section */

/* Begin XCBuildConfiguration section */
		5BDB04A41FE74BDF00510A13 /* Debug */ = {
			isa = XCBuildConfiguration;
			buildSettings = {
				ALWAYS_SEARCH_USER_PATHS = NO;
				CLANG_ANALYZER_NONNULL = YES;
				CLANG_ANALYZER_NUMBER_OBJECT_CONVERSION = YES_AGGRESSIVE;
				CLANG_CXX_LANGUAGE_STANDARD = "gnu++14";
				CLANG_CXX_LIBRARY = "libc++";
				CLANG_ENABLE_MODULES = YES;
				CLANG_ENABLE_OBJC_ARC = YES;
				CLANG_WARN_BLOCK_CAPTURE_AUTORELEASING = YES;
				CLANG_WARN_BOOL_CONVERSION = YES;
				CLANG_WARN_COMMA = YES;
				CLANG_WARN_CONSTANT_CONVERSION = YES;
				CLANG_WARN_DIRECT_OBJC_ISA_USAGE = YES_ERROR;
				CLANG_WARN_DOCUMENTATION_COMMENTS = YES;
				CLANG_WARN_EMPTY_BODY = YES;
				CLANG_WARN_ENUM_CONVERSION = YES;
				CLANG_WARN_INFINITE_RECURSION = YES;
				CLANG_WARN_INT_CONVERSION = YES;
				CLANG_WARN_NON_LITERAL_NULL_CONVERSION = YES;
				CLANG_WARN_OBJC_LITERAL_CONVERSION = YES;
				CLANG_WARN_OBJC_ROOT_CLASS = YES_ERROR;
				CLANG_WARN_RANGE_LOOP_ANALYSIS = YES;
				CLANG_WARN_STRICT_PROTOTYPES = YES;
				CLANG_WARN_SUSPICIOUS_MOVE = YES;
				CLANG_WARN_UNGUARDED_AVAILABILITY = YES_AGGRESSIVE;
				CLANG_WARN_UNREACHABLE_CODE = YES;
				CLANG_WARN__DUPLICATE_METHOD_MATCH = YES;
				CODE_SIGN_IDENTITY = "iPhone Developer";
				COPY_PHASE_STRIP = NO;
				DEBUG_INFORMATION_FORMAT = dwarf;
				ENABLE_STRICT_OBJC_MSGSEND = YES;
				ENABLE_TESTABILITY = YES;
				GCC_C_LANGUAGE_STANDARD = gnu11;
				GCC_DYNAMIC_NO_PIC = NO;
				GCC_NO_COMMON_BLOCKS = YES;
				GCC_OPTIMIZATION_LEVEL = 0;
				GCC_PREPROCESSOR_DEFINITIONS = (
					"DEBUG=1",
					"$(inherited)",
				);
				GCC_WARN_64_TO_32_BIT_CONVERSION = YES;
				GCC_WARN_ABOUT_RETURN_TYPE = YES_ERROR;
				GCC_WARN_UNDECLARED_SELECTOR = YES;
				GCC_WARN_UNINITIALIZED_AUTOS = YES_AGGRESSIVE;
				GCC_WARN_UNUSED_FUNCTION = YES;
				GCC_WARN_UNUSED_VARIABLE = YES;
				IPHONEOS_DEPLOYMENT_TARGET = 11.1;
				MTL_ENABLE_DEBUG_INFO = YES;
				ONLY_ACTIVE_ARCH = YES;
				SDKROOT = iphoneos;
				SWIFT_ACTIVE_COMPILATION_CONDITIONS = DEBUG;
				SWIFT_OPTIMIZATION_LEVEL = "-Onone";
			};
			name = Debug;
		};
		5BDB04A51FE74BDF00510A13 /* Release */ = {
			isa = XCBuildConfiguration;
			buildSettings = {
				ALWAYS_SEARCH_USER_PATHS = NO;
				CLANG_ANALYZER_NONNULL = YES;
				CLANG_ANALYZER_NUMBER_OBJECT_CONVERSION = YES_AGGRESSIVE;
				CLANG_CXX_LANGUAGE_STANDARD = "gnu++14";
				CLANG_CXX_LIBRARY = "libc++";
				CLANG_ENABLE_MODULES = YES;
				CLANG_ENABLE_OBJC_ARC = YES;
				CLANG_WARN_BLOCK_CAPTURE_AUTORELEASING = YES;
				CLANG_WARN_BOOL_CONVERSION = YES;
				CLANG_WARN_COMMA = YES;
				CLANG_WARN_CONSTANT_CONVERSION = YES;
				CLANG_WARN_DIRECT_OBJC_ISA_USAGE = YES_ERROR;
				CLANG_WARN_DOCUMENTATION_COMMENTS = YES;
				CLANG_WARN_EMPTY_BODY = YES;
				CLANG_WARN_ENUM_CONVERSION = YES;
				CLANG_WARN_INFINITE_RECURSION = YES;
				CLANG_WARN_INT_CONVERSION = YES;
				CLANG_WARN_NON_LITERAL_NULL_CONVERSION = YES;
				CLANG_WARN_OBJC_LITERAL_CONVERSION = YES;
				CLANG_WARN_OBJC_ROOT_CLASS = YES_ERROR;
				CLANG_WARN_RANGE_LOOP_ANALYSIS = YES;
				CLANG_WARN_STRICT_PROTOTYPES = YES;
				CLANG_WARN_SUSPICIOUS_MOVE = YES;
				CLANG_WARN_UNGUARDED_AVAILABILITY = YES_AGGRESSIVE;
				CLANG_WARN_UNREACHABLE_CODE = YES;
				CLANG_WARN__DUPLICATE_METHOD_MATCH = YES;
				CODE_SIGN_IDENTITY = "iPhone Developer";
				COPY_PHASE_STRIP = NO;
				DEBUG_INFORMATION_FORMAT = "dwarf-with-dsym";
				ENABLE_NS_ASSERTIONS = NO;
				ENABLE_STRICT_OBJC_MSGSEND = YES;
				GCC_C_LANGUAGE_STANDARD = gnu11;
				GCC_NO_COMMON_BLOCKS = YES;
				GCC_WARN_64_TO_32_BIT_CONVERSION = YES;
				GCC_WARN_ABOUT_RETURN_TYPE = YES_ERROR;
				GCC_WARN_UNDECLARED_SELECTOR = YES;
				GCC_WARN_UNINITIALIZED_AUTOS = YES_AGGRESSIVE;
				GCC_WARN_UNUSED_FUNCTION = YES;
				GCC_WARN_UNUSED_VARIABLE = YES;
				IPHONEOS_DEPLOYMENT_TARGET = 11.1;
				MTL_ENABLE_DEBUG_INFO = NO;
				SDKROOT = iphoneos;
				SWIFT_OPTIMIZATION_LEVEL = "-Owholemodule";
				VALIDATE_PRODUCT = YES;
			};
			name = Release;
		};
		5BDB04A71FE74BDF00510A13 /* Debug */ = {
			isa = XCBuildConfiguration;
			buildSettings = {
				ASSETCATALOG_COMPILER_APPICON_NAME = AppIcon;
				CODE_SIGN_STYLE = Automatic;
				DEVELOPMENT_TEAM = PDJ65E8P4G;
				INFOPLIST_FILE = "eggplant-brownie/Info.plist";
				IPHONEOS_DEPLOYMENT_TARGET = 10.3;
				LD_RUNPATH_SEARCH_PATHS = "$(inherited) @executable_path/Frameworks";
				PRODUCT_BUNDLE_IDENTIFIER = "com.eric0liveira.eggplant-brownie";
				PRODUCT_NAME = "$(TARGET_NAME)";
				SWIFT_VERSION = 4.0;
				TARGETED_DEVICE_FAMILY = 1;
			};
			name = Debug;
		};
		5BDB04A81FE74BDF00510A13 /* Release */ = {
			isa = XCBuildConfiguration;
			buildSettings = {
				ASSETCATALOG_COMPILER_APPICON_NAME = AppIcon;
				CODE_SIGN_STYLE = Automatic;
				DEVELOPMENT_TEAM = PDJ65E8P4G;
				INFOPLIST_FILE = "eggplant-brownie/Info.plist";
				IPHONEOS_DEPLOYMENT_TARGET = 10.3;
				LD_RUNPATH_SEARCH_PATHS = "$(inherited) @executable_path/Frameworks";
				PRODUCT_BUNDLE_IDENTIFIER = "com.eric0liveira.eggplant-brownie";
				PRODUCT_NAME = "$(TARGET_NAME)";
				SWIFT_VERSION = 4.0;
				TARGETED_DEVICE_FAMILY = 1;
			};
			name = Release;
		};
		5BDB04AA1FE74BDF00510A13 /* Debug */ = {
			isa = XCBuildConfiguration;
			buildSettings = {
				ALWAYS_EMBED_SWIFT_STANDARD_LIBRARIES = YES;
				BUNDLE_LOADER = "$(TEST_HOST)";
				CODE_SIGN_STYLE = Automatic;
				INFOPLIST_FILE = "eggplant-brownieTests/Info.plist";
				LD_RUNPATH_SEARCH_PATHS = "$(inherited) @executable_path/Frameworks @loader_path/Frameworks";
				PRODUCT_BUNDLE_IDENTIFIER = "com.eric0liveira.eggplant-brownieTests";
				PRODUCT_NAME = "$(TARGET_NAME)";
				SWIFT_VERSION = 4.0;
				TARGETED_DEVICE_FAMILY = "1,2";
				TEST_HOST = "$(BUILT_PRODUCTS_DIR)/eggplant-brownie.app/eggplant-brownie";
			};
			name = Debug;
		};
		5BDB04AB1FE74BDF00510A13 /* Release */ = {
			isa = XCBuildConfiguration;
			buildSettings = {
				ALWAYS_EMBED_SWIFT_STANDARD_LIBRARIES = YES;
				BUNDLE_LOADER = "$(TEST_HOST)";
				CODE_SIGN_STYLE = Automatic;
				INFOPLIST_FILE = "eggplant-brownieTests/Info.plist";
				LD_RUNPATH_SEARCH_PATHS = "$(inherited) @executable_path/Frameworks @loader_path/Frameworks";
				PRODUCT_BUNDLE_IDENTIFIER = "com.eric0liveira.eggplant-brownieTests";
				PRODUCT_NAME = "$(TARGET_NAME)";
				SWIFT_VERSION = 4.0;
				TARGETED_DEVICE_FAMILY = "1,2";
				TEST_HOST = "$(BUILT_PRODUCTS_DIR)/eggplant-brownie.app/eggplant-brownie";
			};
			name = Release;
		};
		5BDB04AD1FE74BDF00510A13 /* Debug */ = {
			isa = XCBuildConfiguration;
			buildSettings = {
				ALWAYS_EMBED_SWIFT_STANDARD_LIBRARIES = YES;
				CODE_SIGN_STYLE = Automatic;
				INFOPLIST_FILE = "eggplant-brownieUITests/Info.plist";
				LD_RUNPATH_SEARCH_PATHS = "$(inherited) @executable_path/Frameworks @loader_path/Frameworks";
				PRODUCT_BUNDLE_IDENTIFIER = "com.eric0liveira.eggplant-brownieUITests";
				PRODUCT_NAME = "$(TARGET_NAME)";
				SWIFT_VERSION = 4.0;
				TARGETED_DEVICE_FAMILY = "1,2";
				TEST_TARGET_NAME = "eggplant-brownie";
			};
			name = Debug;
		};
		5BDB04AE1FE74BDF00510A13 /* Release */ = {
			isa = XCBuildConfiguration;
			buildSettings = {
				ALWAYS_EMBED_SWIFT_STANDARD_LIBRARIES = YES;
				CODE_SIGN_STYLE = Automatic;
				INFOPLIST_FILE = "eggplant-brownieUITests/Info.plist";
				LD_RUNPATH_SEARCH_PATHS = "$(inherited) @executable_path/Frameworks @loader_path/Frameworks";
				PRODUCT_BUNDLE_IDENTIFIER = "com.eric0liveira.eggplant-brownieUITests";
				PRODUCT_NAME = "$(TARGET_NAME)";
				SWIFT_VERSION = 4.0;
				TARGETED_DEVICE_FAMILY = "1,2";
				TEST_TARGET_NAME = "eggplant-brownie";
			};
			name = Release;
		};
/* End XCBuildConfiguration section */

/* Begin XCConfigurationList section */
		5BDB04791FE74BDF00510A13 /* Build configuration list for PBXProject "eggplant-brownie" */ = {
			isa = XCConfigurationList;
			buildConfigurations = (
				5BDB04A41FE74BDF00510A13 /* Debug */,
				5BDB04A51FE74BDF00510A13 /* Release */,
			);
			defaultConfigurationIsVisible = 0;
			defaultConfigurationName = Release;
		};
		5BDB04A61FE74BDF00510A13 /* Build configuration list for PBXNativeTarget "eggplant-brownie" */ = {
			isa = XCConfigurationList;
			buildConfigurations = (
				5BDB04A71FE74BDF00510A13 /* Debug */,
				5BDB04A81FE74BDF00510A13 /* Release */,
			);
			defaultConfigurationIsVisible = 0;
			defaultConfigurationName = Release;
		};
		5BDB04A91FE74BDF00510A13 /* Build configuration list for PBXNativeTarget "eggplant-brownieTests" */ = {
			isa = XCConfigurationList;
			buildConfigurations = (
				5BDB04AA1FE74BDF00510A13 /* Debug */,
				5BDB04AB1FE74BDF00510A13 /* Release */,
			);
			defaultConfigurationIsVisible = 0;
			defaultConfigurationName = Release;
		};
		5BDB04AC1FE74BDF00510A13 /* Build configuration list for PBXNativeTarget "eggplant-brownieUITests" */ = {
			isa = XCConfigurationList;
			buildConfigurations = (
				5BDB04AD1FE74BDF00510A13 /* Debug */,
				5BDB04AE1FE74BDF00510A13 /* Release */,
			);
			defaultConfigurationIsVisible = 0;
			defaultConfigurationName = Release;
		};
/* End XCConfigurationList section */
	};
	rootObject = 5BDB04761FE74BDF00510A13 /* Project object */;
}
